
Microsoft Visual Studio Solution File, Format Version 12.00
# Visual Studio 15
VisualStudioVersion = 15.0.27130.2010
MinimumVisualStudioVersion = 10.0.40219.1
Project("{FAE04EC0-301F-11D3-BF4B-00C04F79EFBC}") = "rest-api", "rest-api\rest-api.csproj", "{ED2AA243-49F7-4B81-93E2-FBC94990D105}"
EndProject
Global
	GlobalSection(SolutionConfigurationPlatforms) = preSolution
		Debug|Any CPU = Debug|Any CPU
		Release|Any CPU = Release|Any CPU
	EndGlobalSection
	GlobalSection(ProjectConfigurationPlatforms) = postSolution
		{ED2AA243-49F7-4B81-93E2-FBC94990D105}.Debug|Any CPU.ActiveCfg = Debug|Any CPU
		{ED2AA243-49F7-4B81-93E2-FBC94990D105}.Debug|Any CPU.Build.0 = Debug|Any CPU
		{ED2AA243-49F7-4B81-93E2-FBC94990D105}.Release|Any CPU.ActiveCfg = Release|Any CPU
		{ED2AA243-49F7-4B81-93E2-FBC94990D105}.Release|Any CPU.Build.0 = Release|Any CPU
	EndGlobalSection
	GlobalSection(SolutionProperties) = preSolution
		HideSolutionNode = FALSE
	EndGlobalSection
	GlobalSection(ExtensibilityGlobals) = postSolution
		SolutionGuid = {C797A672-58C9-4DF5-8B5D-352984E8295E}
	EndGlobalSection
EndGlobal
